
Microsoft Visual Studio Solution File, Format Version 12.00
Project("{FAE04EC0-301F-11D3-BF4B-00C04F79EFBC}") = "EFCore9Bug", "EFCore9Bug\EFCore9Bug.csproj", "{DAE0D253-9289-4BB0-88F8-8E7E8C9E5906}"
EndProject
Global
	GlobalSection(SolutionConfigurationPlatforms) = preSolution
		Debug|Any CPU = Debug|Any CPU
		Release|Any CPU = Release|Any CPU
	EndGlobalSection
	GlobalSection(ProjectConfigurationPlatforms) = postSolution
		{DAE0D253-9289-4BB0-88F8-8E7E8C9E5906}.Debug|Any CPU.ActiveCfg = Debug|Any CPU
		{DAE0D253-9289-4BB0-88F8-8E7E8C9E5906}.Debug|Any CPU.Build.0 = Debug|Any CPU
		{DAE0D253-9289-4BB0-88F8-8E7E8C9E5906}.Release|Any CPU.ActiveCfg = Release|Any CPU
		{DAE0D253-9289-4BB0-88F8-8E7E8C9E5906}.Release|Any CPU.Build.0 = Release|Any CPU
	EndGlobalSection
EndGlobal
